# This file was autogenerated by Stack.
# You should not edit this file by hand.
# For more information, please see the documentation at:
#   https://docs.haskellstack.org/en/stable/lock_files

packages:
- completed:
    hackage: slick-1.2.1.0@sha256:d93072d73598db6158a537a6498c842af20bca700bc2093e8aca61e09173e105,1312
    pantry-tree:
      sha256: 4da4f6cab3fbb387cd07c30f2d49c530e1c65ad9899f8383883d53d8948a19c1
      size: 602
  original:
    hackage: slick-1.2.1.0
snapshots:
- completed:
    sha256: 23bb9bb355bfdb1635252e120a29b712f0d5e8a6c6a65c5ab5bd6692f46c438e
    size: 640457
    url: https://raw.githubusercontent.com/commercialhaskell/stackage-snapshots/master/lts/21/7.yaml
  original: lts-21.7
