# This file was autogenerated by Stack.
# You should not edit this file by hand.
# For more information, please see the documentation at:
#   https://docs.haskellstack.org/en/stable/lock_files

packages:
- completed:
    hackage: slick-1.0.0.0@sha256:3139416cdc36e64ca87e79b4e1a9eb3c67cd02e83305916bf2d4bf7513dd3b11,1307
    pantry-tree:
      size: 601
      sha256: 792dfdb3ab701760d954ceab020397135e1265b7126979cafe9b0edd8e586d6e
  original:
    hackage: slick-1.0.0.0
snapshots:
- completed:
    size: 523448
    url: https://raw.githubusercontent.com/commercialhaskell/stackage-snapshots/master/lts/14/1.yaml
    sha256: 0045b9bae36c3bb2dd374c29b586389845af1557eea0423958d152fc500d4fbf
  original: lts-14.1
